
Microsoft Visual Studio Solution File, Format Version 12.00
# Visual Studio Version 16
VisualStudioVersion = 16.0.31702.278
MinimumVisualStudioVersion = 10.0.40219.1
Project("{FAE04EC0-301F-11D3-BF4B-00C04F79EFBC}") = "TotalTimeJoined", "TotalTimeJoined\TotalTimeJoined.csproj", "{F4DD848F-7E43-4299-BCE7-73B2926CFED2}"
EndProject
Global
	GlobalSection(SolutionConfigurationPlatforms) = preSolution
		Debug|Any CPU = Debug|Any CPU
		Release|Any CPU = Release|Any CPU
	EndGlobalSection
	GlobalSection(ProjectConfigurationPlatforms) = postSolution
		{F4DD848F-7E43-4299-BCE7-73B2926CFED2}.Debug|Any CPU.ActiveCfg = Debug|Any CPU
		{F4DD848F-7E43-4299-BCE7-73B2926CFED2}.Debug|Any CPU.Build.0 = Debug|Any CPU
		{F4DD848F-7E43-4299-BCE7-73B2926CFED2}.Release|Any CPU.ActiveCfg = Release|Any CPU
		{F4DD848F-7E43-4299-BCE7-73B2926CFED2}.Release|Any CPU.Build.0 = Release|Any CPU
	EndGlobalSection
	GlobalSection(SolutionProperties) = preSolution
		HideSolutionNode = FALSE
	EndGlobalSection
	GlobalSection(ExtensibilityGlobals) = postSolution
		SolutionGuid = {2A071017-FF02-45D4-B632-B727DF09C82D}
	EndGlobalSection
EndGlobal
